{
  "name": "esercizio",
  "version": "1.0.0",
  "lockfileVersion": 1,
  "requires": true,
  "dependencies": {
    "angular": {
      "version": "1.7.9",
      "resolved": "https://registry.npmjs.org/angular/-/angular-1.7.9.tgz",
      "integrity": "sha512-5se7ZpcOtu0MBFlzGv5dsM1quQDoDeUTwZrWjGtTNA7O88cD8TEk5IEKCTDa3uECV9XnvKREVUr7du1ACiWGFQ=="
    },
    "angular-animate": {
      "version": "1.7.9",
      "resolved": "https://registry.npmjs.org/angular-animate/-/angular-animate-1.7.9.tgz",
      "integrity": "sha512-fV+AISy/HTzurQH2ngsJg+lLIvfu0ahc1h4AYKauaXVw97rZc2k4iUA1bMstiEyClsdayQX568kjQc1NK+oYhw=="
    },
    "angular-aria": {
      "version": "1.7.9",
      "resolved": "https://registry.npmjs.org/angular-aria/-/angular-aria-1.7.9.tgz",
      "integrity": "sha512-luI3Jemd1AbOQW0krdzfEG3fM0IFtLY0bSSqIDEx3POE0XjKIC1MkrO8Csyq9PPgueLphyAPofzUwZ8YeZ88SA=="
    },
    "angular-material": {
      "version": "1.1.21",
      "resolved": "https://registry.npmjs.org/angular-material/-/angular-material-1.1.21.tgz",
      "integrity": "sha512-BiqvEu82dqQ4Sb4OjJHdVp/YJvFEMrtr7K2eS+6qlWPWUiF9K2K6IkX2H3p0wD7QlscjTz8n9W8uKL46PQjlCQ=="
    },
    "angular-messages": {
      "version": "1.7.9",
      "resolved": "https://registry.npmjs.org/angular-messages/-/angular-messages-1.7.9.tgz",
      "integrity": "sha512-OdJihuO6AW+m1/r9OdW5riCwacn3dL1agQvgu6Cww3a7OARXXN0vxOpsZCNk4yg4CuD7Et3tiz4DymhvZkydvw=="
    }
  }
}
